dependencies:
- name: sleep-proxy
  repository: file://../sleep-proxy
  version: 0.1.0
- name: llama-cpp-engine
  repository: file://../llama-cpp-engine
  version: 0.1.0
- name: vllm
  repository: file://../vllm
  version: 0.1.0
- name: litellm
  repository: file://../litellm
  version: 0.1.0
- name: ops-ui
  repository: file://../ops-ui
  version: 0.1.0
- name: playground
  repository: file://../playground
  version: 0.1.0
digest: sha256:61ee4d201b113c78025ecb812225ad31c2c0fc3335f75abd2b2913831c27c73d
generated: "2026-06-09T17:36:14.853981+02:00"
