dependencies:
- name: sleep-proxy
  repository: file://../sleep-proxy
  version: 0.1.0
- name: vllm
  repository: file://../vllm
  version: 0.1.0
- name: litellm
  repository: file://../litellm
  version: 0.1.0
- name: ops-ui
  repository: file://../ops-ui
  version: 0.1.0
- name: playground
  repository: file://../playground
  version: 0.1.0
digest: sha256:8ba7dd771697671ab4b121bbb7b8500ede164005ef2508a954161eeb93b39b91
generated: "2026-05-09T11:39:19.964914+02:00"
